// !$*UTF8*$!
{
	archiveVersion = 1;
	classes = {
	};
	objectVersion = 56;
	objects = {

/* Begin PBXBuildFile section */
		FA1E67882C98032400D4841C /* MoviesViewModel.swift in Sources */ = {isa = PBXBuildFile; fileRef = FA1E67872C98032400D4841C /* MoviesViewModel.swift */; };
		FA1E678A2C98034F00D4841C /* MoviesDetailsViewModel.swift in Sources */ = {isa = PBXBuildFile; fileRef = FA1E67892C98034F00D4841C /* MoviesDetailsViewModel.swift */; };
		FA1E678D2C98039900D4841C /* MoviewDetailsView.swift in Sources */ = {isa = PBXBuildFile; fileRef = FA1E678C2C98039900D4841C /* MoviewDetailsView.swift */; };
		FAADF18A2C941719009E95B5 /* Movies_IOS_AppApp.swift in Sources */ = {isa = PBXBuildFile; fileRef = FAADF1892C941719009E95B5 /* Movies_IOS_AppApp.swift */; };
		FAADF18C2C941719009E95B5 /* ContentView.swift in Sources */ = {isa = PBXBuildFile; fileRef = FAADF18B2C941719009E95B5 /* ContentView.swift */; };
		FAADF18E2C94171A009E95B5 /* Assets.xcassets in Resources */ = {isa = PBXBuildFile; fileRef = FAADF18D2C94171A009E95B5 /* Assets.xcassets */; };
		FAADF1912C94171A009E95B5 /* Preview Assets.xcassets in Resources */ = {isa = PBXBuildFile; fileRef = FAADF1902C94171A009E95B5 /* Preview Assets.xcassets */; };
		FAB9FE522C96D8A600EBAFE9 /* Kingfisher in Frameworks */ = {isa = PBXBuildFile; productRef = FAB9FE512C96D8A600EBAFE9 /* Kingfisher */; };
		FAB9FE552C97F89500EBAFE9 /* HttpUtility.swift in Sources */ = {isa = PBXBuildFile; fileRef = FAB9FE542C97F89500EBAFE9 /* HttpUtility.swift */; };
		FAB9FE582C97F95C00EBAFE9 /* MoviesDataModel.swift in Sources */ = {isa = PBXBuildFile; fileRef = FAB9FE572C97F95C00EBAFE9 /* MoviesDataModel.swift */; };
		FAB9FE5A2C97F98100EBAFE9 /* MoviesDetailsModel.swift in Sources */ = {isa = PBXBuildFile; fileRef = FAB9FE592C97F98100EBAFE9 /* MoviesDetailsModel.swift */; };
/* End PBXBuildFile section */

/* Begin PBXFileReference section */
		FA1E67872C98032400D4841C /* MoviesViewModel.swift */ = {isa = PBXFileReference; lastKnownFileType = sourcecode.swift; path = MoviesViewModel.swift; sourceTree = "<group>"; };
		FA1E67892C98034F00D4841C /* MoviesDetailsViewModel.swift */ = {isa = PBXFileReference; lastKnownFileType = sourcecode.swift; path = MoviesDetailsViewModel.swift; sourceTree = "<group>"; };
		FA1E678C2C98039900D4841C /* MoviewDetailsView.swift */ = {isa = PBXFileReference; lastKnownFileType = sourcecode.swift; path = MoviewDetailsView.swift; sourceTree = "<group>"; };
		FAADF1862C941719009E95B5 /* Movies-IOS-App.app */ = {isa = PBXFileReference; explicitFileType = wrapper.application; includeInIndex = 0; path = "Movies-IOS-App.app"; sourceTree = BUILT_PRODUCTS_DIR; };
		FAADF1892C941719009E95B5 /* Movies_IOS_AppApp.swift */ = {isa = PBXFileReference; lastKnownFileType = sourcecode.swift; path = Movies_IOS_AppApp.swift; sourceTree = "<group>"; };
		FAADF18B2C941719009E95B5 /* ContentView.swift */ = {isa = PBXFileReference; lastKnownFileType = sourcecode.swift; path = ContentView.swift; sourceTree = "<group>"; };
		FAADF18D2C94171A009E95B5 /* Assets.xcassets */ = {isa = PBXFileReference; lastKnownFileType = folder.assetcatalog; path = Assets.xcassets; sourceTree = "<group>"; };
		FAADF1902C94171A009E95B5 /* Preview Assets.xcassets */ = {isa = PBXFileReference; lastKnownFileType = folder.assetcatalog; path = "Preview Assets.xcassets"; sourceTree = "<group>"; };
		FAB9FE542C97F89500EBAFE9 /* HttpUtility.swift */ = {isa = PBXFileReference; lastKnownFileType = sourcecode.swift; path = HttpUtility.swift; sourceTree = "<group>"; };
		FAB9FE572C97F95C00EBAFE9 /* MoviesDataModel.swift */ = {isa = PBXFileReference; lastKnownFileType = sourcecode.swift; path = MoviesDataModel.swift; sourceTree = "<group>"; };
		FAB9FE592C97F98100EBAFE9 /* MoviesDetailsModel.swift */ = {isa = PBXFileReference; lastKnownFileType = sourcecode.swift; path = MoviesDetailsModel.swift; sourceTree = "<group>"; };
/* End PBXFileReference section */

/* Begin PBXFrameworksBuildPhase section */
		FAADF1832C941719009E95B5 /* Frameworks */ = {
			isa = PBXFrameworksBuildPhase;
			buildActionMask = 2147483647;
			files = (
				FAB9FE522C96D8A600EBAFE9 /* Kingfisher in Frameworks */,
			);
			runOnlyForDeploymentPostprocessing = 0;
		};
/* End PBXFrameworksBuildPhase section */

/* Begin PBXGroup section */
		FA1E67862C98030400D4841C /* ViewModel */ = {
			isa = PBXGroup;
			children = (
				FA1E67872C98032400D4841C /* MoviesViewModel.swift */,
				FA1E67892C98034F00D4841C /* MoviesDetailsViewModel.swift */,
			);
			path = ViewModel;
			sourceTree = "<group>";
		};
		FA1E678B2C98037D00D4841C /* View */ = {
			isa = PBXGroup;
			children = (
				FAADF18B2C941719009E95B5 /* ContentView.swift */,
				FA1E678C2C98039900D4841C /* MoviewDetailsView.swift */,
			);
			path = View;
			sourceTree = "<group>";
		};
		FAADF17D2C941719009E95B5 = {
			isa = PBXGroup;
			children = (
				FAADF1882C941719009E95B5 /* Movies-IOS-App */,
				FAADF1872C941719009E95B5 /* Products */,
			);
			sourceTree = "<group>";
		};
		FAADF1872C941719009E95B5 /* Products */ = {
			isa = PBXGroup;
			children = (
				FAADF1862C941719009E95B5 /* Movies-IOS-App.app */,
			);
			name = Products;
			sourceTree = "<group>";
		};
		FAADF1882C941719009E95B5 /* Movies-IOS-App */ = {
			isa = PBXGroup;
			children = (
				FAADF1892C941719009E95B5 /* Movies_IOS_AppApp.swift */,
				FA1E678B2C98037D00D4841C /* View */,
				FA1E67862C98030400D4841C /* ViewModel */,
				FAB9FE532C97F88200EBAFE9 /* HttpUtility */,
				FAB9FE562C97F8CF00EBAFE9 /* Model */,
				FAADF18D2C94171A009E95B5 /* Assets.xcassets */,
				FAADF18F2C94171A009E95B5 /* Preview Content */,
			);
			path = "Movies-IOS-App";
			sourceTree = "<group>";
		};
		FAADF18F2C94171A009E95B5 /* Preview Content */ = {
			isa = PBXGroup;
			children = (
				FAADF1902C94171A009E95B5 /* Preview Assets.xcassets */,
			);
			path = "Preview Content";
			sourceTree = "<group>";
		};
		FAB9FE532C97F88200EBAFE9 /* HttpUtility */ = {
			isa = PBXGroup;
			children = (
				FAB9FE542C97F89500EBAFE9 /* HttpUtility.swift */,
			);
			path = HttpUtility;
			sourceTree = "<group>";
		};
		FAB9FE562C97F8CF00EBAFE9 /* Model */ = {
			isa = PBXGroup;
			children = (
				FAB9FE572C97F95C00EBAFE9 /* MoviesDataModel.swift */,
				FAB9FE592C97F98100EBAFE9 /* MoviesDetailsModel.swift */,
			);
			path = Model;
			sourceTree = "<group>";
		};
/* End PBXGroup section */

/* Begin PBXNativeTarget section */
		FAADF1852C941719009E95B5 /* Movies-IOS-App */ = {
			isa = PBXNativeTarget;
			buildConfigurationList = FAADF1942C94171A009E95B5 /* Build configuration list for PBXNativeTarget "Movies-IOS-App" */;
			buildPhases = (
				FAADF1822C941719009E95B5 /* Sources */,
				FAADF1832C941719009E95B5 /* Frameworks */,
				FAADF1842C941719009E95B5 /* Resources */,
			);
			buildRules = (
			);
			dependencies = (
			);
			name = "Movies-IOS-App";
			packageProductDependencies = (
				FAB9FE512C96D8A600EBAFE9 /* Kingfisher */,
			);
			productName = "Movies-IOS-App";
			productReference = FAADF1862C941719009E95B5 /* Movies-IOS-App.app */;
			productType = "com.apple.product-type.application";
		};
/* End PBXNativeTarget section */

/* Begin PBXProject section */
		FAADF17E2C941719009E95B5 /* Project object */ = {
			isa = PBXProject;
			attributes = {
				BuildIndependentTargetsInParallel = 1;
				LastSwiftUpdateCheck = 1540;
				LastUpgradeCheck = 1540;
				TargetAttributes = {
					FAADF1852C941719009E95B5 = {
						CreatedOnToolsVersion = 15.4;
					};
				};
			};
			buildConfigurationList = FAADF1812C941719009E95B5 /* Build configuration list for PBXProject "Movies-IOS-App" */;
			compatibilityVersion = "Xcode 14.0";
			developmentRegion = en;
			hasScannedForEncodings = 0;
			knownRegions = (
				en,
				Base,
			);
			mainGroup = FAADF17D2C941719009E95B5;
			packageReferences = (
				FAB9FE502C96D8A600EBAFE9 /* XCRemoteSwiftPackageReference "Kingfisher" */,
			);
			productRefGroup = FAADF1872C941719009E95B5 /* Products */;
			projectDirPath = "";
			projectRoot = "";
			targets = (
				FAADF1852C941719009E95B5 /* Movies-IOS-App */,
			);
		};
/* End PBXProject section */

/* Begin PBXResourcesBuildPhase section */
		FAADF1842C941719009E95B5 /* Resources */ = {
			isa = PBXResourcesBuildPhase;
			buildActionMask = 2147483647;
			files = (
				FAADF1912C94171A009E95B5 /* Preview Assets.xcassets in Resources */,
				FAADF18E2C94171A009E95B5 /* Assets.xcassets in Resources */,
			);
			runOnlyForDeploymentPostprocessing = 0;
		};
/* End PBXResourcesBuildPhase section */

/* Begin PBXSourcesBuildPhase section */
		FAADF1822C941719009E95B5 /* Sources */ = {
			isa = PBXSourcesBuildPhase;
			buildActionMask = 2147483647;
			files = (
				FAB9FE552C97F89500EBAFE9 /* HttpUtility.swift in Sources */,
				FA1E678A2C98034F00D4841C /* MoviesDetailsViewModel.swift in Sources */,
				FA1E678D2C98039900D4841C /* MoviewDetailsView.swift in Sources */,
				FA1E67882C98032400D4841C /* MoviesViewModel.swift in Sources */,
				FAADF18C2C941719009E95B5 /* ContentView.swift in Sources */,
				FAB9FE5A2C97F98100EBAFE9 /* MoviesDetailsModel.swift in Sources */,
				FAB9FE582C97F95C00EBAFE9 /* MoviesDataModel.swift in Sources */,
				FAADF18A2C941719009E95B5 /* Movies_IOS_AppApp.swift in Sources */,
			);
			runOnlyForDeploymentPostprocessing = 0;
		};
/* End PBXSourcesBuildPhase section */

/* Begin XCBuildConfiguration section */
		FAADF1922C94171A009E95B5 /* Debug */ = {
			isa = XCBuildConfiguration;
			buildSettings = {
				ALWAYS_SEARCH_USER_PATHS = NO;
				ASSETCATALOG_COMPILER_GENERATE_SWIFT_ASSET_SYMBOL_EXTENSIONS = YES;
				CLANG_ANALYZER_NONNULL = YES;
				CLANG_ANALYZER_NUMBER_OBJECT_CONVERSION = YES_AGGRESSIVE;
				CLANG_CXX_LANGUAGE_STANDARD = "gnu++20";
				CLANG_ENABLE_MODULES = YES;
				CLANG_ENABLE_OBJC_ARC = YES;
				CLANG_ENABLE_OBJC_WEAK = YES;
				CLANG_WARN_BLOCK_CAPTURE_AUTORELEASING = YES;
				CLANG_WARN_BOOL_CONVERSION = YES;
				CLANG_WARN_COMMA = YES;
				CLANG_WARN_CONSTANT_CONVERSION = YES;
				CLANG_WARN_DEPRECATED_OBJC_IMPLEMENTATIONS = YES;
				CLANG_WARN_DIRECT_OBJC_ISA_USAGE = YES_ERROR;
				CLANG_WARN_DOCUMENTATION_COMMENTS = YES;
				CLANG_WARN_EMPTY_BODY = YES;
				CLANG_WARN_ENUM_CONVERSION = YES;
				CLANG_WARN_INFINITE_RECURSION = YES;
				CLANG_WARN_INT_CONVERSION = YES;
				CLANG_WARN_NON_LITERAL_NULL_CONVERSION = YES;
				CLANG_WARN_OBJC_IMPLICIT_RETAIN_SELF = YES;
				CLANG_WARN_OBJC_LITERAL_CONVERSION = YES;
				CLANG_WARN_OBJC_ROOT_CLASS = YES_ERROR;
				CLANG_WARN_QUOTED_INCLUDE_IN_FRAMEWORK_HEADER = YES;
				CLANG_WARN_RANGE_LOOP_ANALYSIS = YES;
				CLANG_WARN_STRICT_PROTOTYPES = YES;
				CLANG_WARN_SUSPICIOUS_MOVE = YES;
				CLANG_WARN_UNGUARDED_AVAILABILITY = YES_AGGRESSIVE;
				CLANG_WARN_UNREACHABLE_CODE = YES;
				CLANG_WARN__DUPLICATE_METHOD_MATCH = YES;
				COPY_PHASE_STRIP = NO;
				DEBUG_INFORMATION_FORMAT = dwarf;
				ENABLE_STRICT_OBJC_MSGSEND = YES;
				ENABLE_TESTABILITY = YES;
				ENABLE_USER_SCRIPT_SANDBOXING = YES;
				GCC_C_LANGUAGE_STANDARD = gnu17;
				GCC_DYNAMIC_NO_PIC = NO;
				GCC_NO_COMMON_BLOCKS = YES;
				GCC_OPTIMIZATION_LEVEL = 0;
				GCC_PREPROCESSOR_DEFINITIONS = (
					"DEBUG=1",
					"$(inherited)",
				);
				GCC_WARN_64_TO_32_BIT_CONVERSION = YES;
				GCC_WARN_ABOUT_RETURN_TYPE = YES_ERROR;
				GCC_WARN_UNDECLARED_SELECTOR = YES;
				GCC_WARN_UNINITIALIZED_AUTOS = YES_AGGRESSIVE;
				GCC_WARN_UNUSED_FUNCTION = YES;
				GCC_WARN_UNUSED_VARIABLE = YES;
				IPHONEOS_DEPLOYMENT_TARGET = 17.5;
				LOCALIZATION_PREFERS_STRING_CATALOGS = YES;
				MTL_ENABLE_DEBUG_INFO = INCLUDE_SOURCE;
				MTL_FAST_MATH = YES;
				ONLY_ACTIVE_ARCH = YES;
				SDKROOT = iphoneos;
				SWIFT_ACTIVE_COMPILATION_CONDITIONS = "DEBUG $(inherited)";
				SWIFT_OPTIMIZATION_LEVEL = "-Onone";
			};
			name = Debug;
		};
		FAADF1932C94171A009E95B5 /* Release */ = {
			isa = XCBuildConfiguration;
			buildSettings = {
				ALWAYS_SEARCH_USER_PATHS = NO;
				ASSETCATALOG_COMPILER_GENERATE_SWIFT_ASSET_SYMBOL_EXTENSIONS = YES;
				CLANG_ANALYZER_NONNULL = YES;
				CLANG_ANALYZER_NUMBER_OBJECT_CONVERSION = YES_AGGRESSIVE;
				CLANG_CXX_LANGUAGE_STANDARD = "gnu++20";
				CLANG_ENABLE_MODULES = YES;
				CLANG_ENABLE_OBJC_ARC = YES;
				CLANG_ENABLE_OBJC_WEAK = YES;
				CLANG_WARN_BLOCK_CAPTURE_AUTORELEASING = YES;
				CLANG_WARN_BOOL_CONVERSION = YES;
				CLANG_WARN_COMMA = YES;
				CLANG_WARN_CONSTANT_CONVERSION = YES;
				CLANG_WARN_DEPRECATED_OBJC_IMPLEMENTATIONS = YES;
				CLANG_WARN_DIRECT_OBJC_ISA_USAGE = YES_ERROR;
				CLANG_WARN_DOCUMENTATION_COMMENTS = YES;
				CLANG_WARN_EMPTY_BODY = YES;
				CLANG_WARN_ENUM_CONVERSION = YES;
				CLANG_WARN_INFINITE_RECURSION = YES;
				CLANG_WARN_INT_CONVERSION = YES;
				CLANG_WARN_NON_LITERAL_NULL_CONVERSION = YES;
				CLANG_WARN_OBJC_IMPLICIT_RETAIN_SELF = YES;
				CLANG_WARN_OBJC_LITERAL_CONVERSION = YES;
				CLANG_WARN_OBJC_ROOT_CLASS = YES_ERROR;
				CLANG_WARN_QUOTED_INCLUDE_IN_FRAMEWORK_HEADER = YES;
				CLANG_WARN_RANGE_LOOP_ANALYSIS = YES;
				CLANG_WARN_STRICT_PROTOTYPES = YES;
				CLANG_WARN_SUSPICIOUS_MOVE = YES;
				CLANG_WARN_UNGUARDED_AVAILABILITY = YES_AGGRESSIVE;
				CLANG_WARN_UNREACHABLE_CODE = YES;
				CLANG_WARN__DUPLICATE_METHOD_MATCH = YES;
				COPY_PHASE_STRIP = NO;
				DEBUG_INFORMATION_FORMAT = "dwarf-with-dsym";
				ENABLE_NS_ASSERTIONS = NO;
				ENABLE_STRICT_OBJC_MSGSEND = YES;
				ENABLE_USER_SCRIPT_SANDBOXING = YES;
				GCC_C_LANGUAGE_STANDARD = gnu17;
				GCC_NO_COMMON_BLOCKS = YES;
				GCC_WARN_64_TO_32_BIT_CONVERSION = YES;
				GCC_WARN_ABOUT_RETURN_TYPE = YES_ERROR;
				GCC_WARN_UNDECLARED_SELECTOR = YES;
				GCC_WARN_UNINITIALIZED_AUTOS = YES_AGGRESSIVE;
				GCC_WARN_UNUSED_FUNCTION = YES;
				GCC_WARN_UNUSED_VARIABLE = YES;
				IPHONEOS_DEPLOYMENT_TARGET = 17.5;
				LOCALIZATION_PREFERS_STRING_CATALOGS = YES;
				MTL_ENABLE_DEBUG_INFO = NO;
				MTL_FAST_MATH = YES;
				SDKROOT = iphoneos;
				SWIFT_COMPILATION_MODE = wholemodule;
				VALIDATE_PRODUCT = YES;
			};
			name = Release;
		};
		FAADF1952C94171A009E95B5 /* Debug */ = {
			isa = XCBuildConfiguration;
			buildSettings = {
				ASSETCATALOG_COMPILER_APPICON_NAME = AppIcon;
				ASSETCATALOG_COMPILER_GLOBAL_ACCENT_COLOR_NAME = AccentColor;
				CODE_SIGN_STYLE = Automatic;
				CURRENT_PROJECT_VERSION = 1;
				DEVELOPMENT_ASSET_PATHS = "\"Movies-IOS-App/Preview Content\"";
				DEVELOPMENT_TEAM = NXG92U2JJ9;
				ENABLE_PREVIEWS = YES;
				GENERATE_INFOPLIST_FILE = YES;
				INFOPLIST_KEY_UIApplicationSceneManifest_Generation = YES;
				INFOPLIST_KEY_UIApplicationSupportsIndirectInputEvents = YES;
				INFOPLIST_KEY_UILaunchScreen_Generation = YES;
				INFOPLIST_KEY_UISupportedInterfaceOrientations_iPad = "UIInterfaceOrientationPortrait UIInterfaceOrientationPortraitUpsideDown UIInterfaceOrientationLandscapeLeft UIInterfaceOrientationLandscapeRight";
				INFOPLIST_KEY_UISupportedInterfaceOrientations_iPhone = "UIInterfaceOrientationPortrait UIInterfaceOrientationLandscapeLeft UIInterfaceOrientationLandscapeRight";
				LD_RUNPATH_SEARCH_PATHS = (
					"$(inherited)",
					"@executable_path/Frameworks",
				);
				MARKETING_VERSION = 1.0;
				PRODUCT_BUNDLE_IDENTIFIER = "com.movies.app.Movies-IOS-App";
				PRODUCT_NAME = "$(TARGET_NAME)";
				SWIFT_EMIT_LOC_STRINGS = YES;
				SWIFT_VERSION = 5.0;
				TARGETED_DEVICE_FAMILY = "1,2";
			};
			name = Debug;
		};
		FAADF1962C94171A009E95B5 /* Release */ = {
			isa = XCBuildConfiguration;
			buildSettings = {
				ASSETCATALOG_COMPILER_APPICON_NAME = AppIcon;
				ASSETCATALOG_COMPILER_GLOBAL_ACCENT_COLOR_NAME = AccentColor;
				CODE_SIGN_STYLE = Automatic;
				CURRENT_PROJECT_VERSION = 1;
				DEVELOPMENT_ASSET_PATHS = "\"Movies-IOS-App/Preview Content\"";
				DEVELOPMENT_TEAM = NXG92U2JJ9;
				ENABLE_PREVIEWS = YES;
				GENERATE_INFOPLIST_FILE = YES;
				INFOPLIST_KEY_UIApplicationSceneManifest_Generation = YES;
				INFOPLIST_KEY_UIApplicationSupportsIndirectInputEvents = YES;
				INFOPLIST_KEY_UILaunchScreen_Generation = YES;
				INFOPLIST_KEY_UISupportedInterfaceOrientations_iPad = "UIInterfaceOrientationPortrait UIInterfaceOrientationPortraitUpsideDown UIInterfaceOrientationLandscapeLeft UIInterfaceOrientationLandscapeRight";
				INFOPLIST_KEY_UISupportedInterfaceOrientations_iPhone = "UIInterfaceOrientationPortrait UIInterfaceOrientationLandscapeLeft UIInterfaceOrientationLandscapeRight";
				LD_RUNPATH_SEARCH_PATHS = (
					"$(inherited)",
					"@executable_path/Frameworks",
				);
				MARKETING_VERSION = 1.0;
				PRODUCT_BUNDLE_IDENTIFIER = "com.movies.app.Movies-IOS-App";
				PRODUCT_NAME = "$(TARGET_NAME)";
				SWIFT_EMIT_LOC_STRINGS = YES;
				SWIFT_VERSION = 5.0;
				TARGETED_DEVICE_FAMILY = "1,2";
			};
			name = Release;
		};
/* End XCBuildConfiguration section */

/* Begin XCConfigurationList section */
		FAADF1812C941719009E95B5 /* Build configuration list for PBXProject "Movies-IOS-App" */ = {
			isa = XCConfigurationList;
			buildConfigurations = (
				FAADF1922C94171A009E95B5 /* Debug */,
				FAADF1932C94171A009E95B5 /* Release */,
			);
			defaultConfigurationIsVisible = 0;
			defaultConfigurationName = Release;
		};
		FAADF1942C94171A009E95B5 /* Build configuration list for PBXNativeTarget "Movies-IOS-App" */ = {
			isa = XCConfigurationList;
			buildConfigurations = (
				FAADF1952C94171A009E95B5 /* Debug */,
				FAADF1962C94171A009E95B5 /* Release */,
			);
			defaultConfigurationIsVisible = 0;
			defaultConfigurationName = Release;
		};
/* End XCConfigurationList section */

/* Begin XCRemoteSwiftPackageReference section */
		FAB9FE502C96D8A600EBAFE9 /* XCRemoteSwiftPackageReference "Kingfisher" */ = {
			isa = XCRemoteSwiftPackageReference;
			repositoryURL = "https://github.com/onevcat/Kingfisher.git";
			requirement = {
				kind = upToNextMajorVersion;
				minimumVersion = 7.12.0;
			};
		};
/* End XCRemoteSwiftPackageReference section */

/* Begin XCSwiftPackageProductDependency section */
		FAB9FE512C96D8A600EBAFE9 /* Kingfisher */ = {
			isa = XCSwiftPackageProductDependency;
			package = FAB9FE502C96D8A600EBAFE9 /* XCRemoteSwiftPackageReference "Kingfisher" */;
			productName = Kingfisher;
		};
/* End XCSwiftPackageProductDependency section */
	};
	rootObject = FAADF17E2C941719009E95B5 /* Project object */;
}
